// !$*UTF8*$!
{
	archiveVersion = 1;
	classes = {
	};
	objectVersion = 46;
	objects = {

/* Begin PBXBuildFile section */
		C5C07D261D6FFF46002BFEEB /* AppDelegate.swift in Sources */ = {isa = PBXBuildFile; fileRef = C5C07D251D6FFF46002BFEEB /* AppDelegate.swift */; };
		C5C07D281D6FFF46002BFEEB /* ViewController.swift in Sources */ = {isa = PBXBuildFile; fileRef = C5C07D271D6FFF46002BFEEB /* ViewController.swift */; };
		C5C07D2B1D6FFF46002BFEEB /* Main.storyboard in Resources */ = {isa = PBXBuildFile; fileRef = C5C07D291D6FFF46002BFEEB /* Main.storyboard */; };
		C5C07D2D1D6FFF46002BFEEB /* Assets.xcassets in Resources */ = {isa = PBXBuildFile; fileRef = C5C07D2C1D6FFF46002BFEEB /* Assets.xcassets */; };
		C5C07D301D6FFF46002BFEEB /* LaunchScreen.storyboard in Resources */ = {isa = PBXBuildFile; fileRef = C5C07D2E1D6FFF46002BFEEB /* LaunchScreen.storyboard */; };
		C5C07D3B1D6FFF46002BFEEB /* PitchPerfectTests.swift in Sources */ = {isa = PBXBuildFile; fileRef = C5C07D3A1D6FFF46002BFEEB /* PitchPerfectTests.swift */; };
		C5C07D461D6FFF46002BFEEB /* PitchPerfectUITests.swift in Sources */ = {isa = PBXBuildFile; fileRef = C5C07D451D6FFF46002BFEEB /* PitchPerfectUITests.swift */; };
/* End PBXBuildFile section */

/* Begin PBXContainerItemProxy section */
		C5C07D371D6FFF46002BFEEB /* PBXContainerItemProxy */ = {
			isa = PBXContainerItemProxy;
			containerPortal = C5C07D1A1D6FFF45002BFEEB /* Project object */;
			proxyType = 1;
			remoteGlobalIDString = C5C07D211D6FFF45002BFEEB;
			remoteInfo = PitchPerfect;
		};
		C5C07D421D6FFF46002BFEEB /* PBXContainerItemProxy */ = {
			isa = PBXContainerItemProxy;
			containerPortal = C5C07D1A1D6FFF45002BFEEB /* Project object */;
			proxyType = 1;
			remoteGlobalIDString = C5C07D211D6FFF45002BFEEB;
			remoteInfo = PitchPerfect;
		};
/* End PBXContainerItemProxy section */

/* Begin PBXFileReference section */
		C5C07D221D6FFF46002BFEEB /* PitchPerfect.app */ = {isa = PBXFileReference; explicitFileType = wrapper.application; includeInIndex = 0; path = PitchPerfect.app; sourceTree = BUILT_PRODUCTS_DIR; };
		C5C07D251D6FFF46002BFEEB /* AppDelegate.swift */ = {isa = PBXFileReference; lastKnownFileType = sourcecode.swift; path = AppDelegate.swift; sourceTree = "<group>"; };
		C5C07D271D6FFF46002BFEEB /* ViewController.swift */ = {isa = PBXFileReference; lastKnownFileType = sourcecode.swift; path = ViewController.swift; sourceTree = "<group>"; };
		C5C07D2A1D6FFF46002BFEEB /* Base */ = {isa = PBXFileReference; lastKnownFileType = file.storyboard; name = Base; path = Base.lproj/Main.storyboard; sourceTree = "<group>"; };
		C5C07D2C1D6FFF46002BFEEB /* Assets.xcassets */ = {isa = PBXFileReference; lastKnownFileType = folder.assetcatalog; path = Assets.xcassets; sourceTree = "<group>"; };
		C5C07D2F1D6FFF46002BFEEB /* Base */ = {isa = PBXFileReference; lastKnownFileType = file.storyboard; name = Base; path = Base.lproj/LaunchScreen.storyboard; sourceTree = "<group>"; };
		C5C07D311D6FFF46002BFEEB /* Info.plist */ = {isa = PBXFileReference; lastKnownFileType = text.plist.xml; path = Info.plist; sourceTree = "<group>"; };
		C5C07D361D6FFF46002BFEEB /* PitchPerfectTests.xctest */ = {isa = PBXFileReference; explicitFileType = wrapper.cfbundle; includeInIndex = 0; path = PitchPerfectTests.xctest; sourceTree = BUILT_PRODUCTS_DIR; };
		C5C07D3A1D6FFF46002BFEEB /* PitchPerfectTests.swift */ = {isa = PBXFileReference; lastKnownFileType = sourcecode.swift; path = PitchPerfectTests.swift; sourceTree = "<group>"; };
		C5C07D3C1D6FFF46002BFEEB /* Info.plist */ = {isa = PBXFileReference; lastKnownFileType = text.plist.xml; path = Info.plist; sourceTree = "<group>"; };
		C5C07D411D6FFF46002BFEEB /* PitchPerfectUITests.xctest */ = {isa = PBXFileReference; explicitFileType = wrapper.cfbundle; includeInIndex = 0; path = PitchPerfectUITests.xctest; sourceTree = BUILT_PRODUCTS_DIR; };
		C5C07D451D6FFF46002BFEEB /* PitchPerfectUITests.swift */ = {isa = PBXFileReference; lastKnownFileType = sourcecode.swift; path = PitchPerfectUITests.swift; sourceTree = "<group>"; };
		C5C07D471D6FFF46002BFEEB /* Info.plist */ = {isa = PBXFileReference; lastKnownFileType = text.plist.xml; path = Info.plist; sourceTree = "<group>"; };
/* End PBXFileReference section */

/* Begin PBXFrameworksBuildPhase section */
		C5C07D1F1D6FFF45002BFEEB /* Frameworks */ = {
			isa = PBXFrameworksBuildPhase;
			buildActionMask = 2147483647;
			files = (
			);
			runOnlyForDeploymentPostprocessing = 0;
		};
		C5C07D331D6FFF46002BFEEB /* Frameworks */ = {
			isa = PBXFrameworksBuildPhase;
			buildActionMask = 2147483647;
			files = (
			);
			runOnlyForDeploymentPostprocessing = 0;
		};
		C5C07D3E1D6FFF46002BFEEB /* Frameworks */ = {
			isa = PBXFrameworksBuildPhase;
			buildActionMask = 2147483647;
			files = (
			);
			runOnlyForDeploymentPostprocessing = 0;
		};
/* End PBXFrameworksBuildPhase section */

/* Begin PBXGroup section */
		C5C07D191D6FFF45002BFEEB = {
			isa = PBXGroup;
			children = (
				C5C07D241D6FFF46002BFEEB /* PitchPerfect */,
				C5C07D391D6FFF46002BFEEB /* PitchPerfectTests */,
				C5C07D441D6FFF46002BFEEB /* PitchPerfectUITests */,
				C5C07D231D6FFF46002BFEEB /* Products */,
			);
			sourceTree = "<group>";
		};
		C5C07D231D6FFF46002BFEEB /* Products */ = {
			isa = PBXGroup;
			children = (
				C5C07D221D6FFF46002BFEEB /* PitchPerfect.app */,
				C5C07D361D6FFF46002BFEEB /* PitchPerfectTests.xctest */,
				C5C07D411D6FFF46002BFEEB /* PitchPerfectUITests.xctest */,
			);
			name = Products;
			sourceTree = "<group>";
		};
		C5C07D241D6FFF46002BFEEB /* PitchPerfect */ = {
			isa = PBXGroup;
			children = (
				C5C07D251D6FFF46002BFEEB /* AppDelegate.swift */,
				C5C07D271D6FFF46002BFEEB /* ViewController.swift */,
				C5C07D291D6FFF46002BFEEB /* Main.storyboard */,
				C5C07D2C1D6FFF46002BFEEB /* Assets.xcassets */,
				C5C07D2E1D6FFF46002BFEEB /* LaunchScreen.storyboard */,
				C5C07D311D6FFF46002BFEEB /* Info.plist */,
			);
			path = PitchPerfect;
			sourceTree = "<group>";
		};
		C5C07D391D6FFF46002BFEEB /* PitchPerfectTests */ = {
			isa = PBXGroup;
			children = (
				C5C07D3A1D6FFF46002BFEEB /* PitchPerfectTests.swift */,
				C5C07D3C1D6FFF46002BFEEB /* Info.plist */,
			);
			path = PitchPerfectTests;
			sourceTree = "<group>";
		};
		C5C07D441D6FFF46002BFEEB /* PitchPerfectUITests */ = {
			isa = PBXGroup;
			children = (
				C5C07D451D6FFF46002BFEEB /* PitchPerfectUITests.swift */,
				C5C07D471D6FFF46002BFEEB /* Info.plist */,
			);
			path = PitchPerfectUITests;
			sourceTree = "<group>";
		};
/* End PBXGroup section */

/* Begin PBXNativeTarget section */
		C5C07D211D6FFF45002BFEEB /* PitchPerfect */ = {
			isa = PBXNativeTarget;
			buildConfigurationList = C5C07D4A1D6FFF46002BFEEB /* Build configuration list for PBXNativeTarget "PitchPerfect" */;
			buildPhases = (
				C5C07D1E1D6FFF45002BFEEB /* Sources */,
				C5C07D1F1D6FFF45002BFEEB /* Frameworks */,
				C5C07D201D6FFF45002BFEEB /* Resources */,
			);
			buildRules = (
			);
			dependencies = (
			);
			name = PitchPerfect;
			productName = PitchPerfect;
			productReference = C5C07D221D6FFF46002BFEEB /* PitchPerfect.app */;
			productType = "com.apple.product-type.application";
		};
		C5C07D351D6FFF46002BFEEB /* PitchPerfectTests */ = {
			isa = PBXNativeTarget;
			buildConfigurationList = C5C07D4D1D6FFF46002BFEEB /* Build configuration list for PBXNativeTarget "PitchPerfectTests" */;
			buildPhases = (
				C5C07D321D6FFF46002BFEEB /* Sources */,
				C5C07D331D6FFF46002BFEEB /* Frameworks */,
				C5C07D341D6FFF46002BFEEB /* Resources */,
			);
			buildRules = (
			);
			dependencies = (
				C5C07D381D6FFF46002BFEEB /* PBXTargetDependency */,
			);
			name = PitchPerfectTests;
			productName = PitchPerfectTests;
			productReference = C5C07D361D6FFF46002BFEEB /* PitchPerfectTests.xctest */;
			productType = "com.apple.product-type.bundle.unit-test";
		};
		C5C07D401D6FFF46002BFEEB /* PitchPerfectUITests */ = {
			isa = PBXNativeTarget;
			buildConfigurationList = C5C07D501D6FFF46002BFEEB /* Build configuration list for PBXNativeTarget "PitchPerfectUITests" */;
			buildPhases = (
				C5C07D3D1D6FFF46002BFEEB /* Sources */,
				C5C07D3E1D6FFF46002BFEEB /* Frameworks */,
				C5C07D3F1D6FFF46002BFEEB /* Resources */,
			);
			buildRules = (
			);
			dependencies = (
				C5C07D431D6FFF46002BFEEB /* PBXTargetDependency */,
			);
			name = PitchPerfectUITests;
			productName = PitchPerfectUITests;
			productReference = C5C07D411D6FFF46002BFEEB /* PitchPerfectUITests.xctest */;
			productType = "com.apple.product-type.bundle.ui-testing";
		};
/* End PBXNativeTarget section */

/* Begin PBXProject section */
		C5C07D1A1D6FFF45002BFEEB /* Project object */ = {
			isa = PBXProject;
			attributes = {
				LastSwiftUpdateCheck = 0730;
				LastUpgradeCheck = 0730;
				ORGANIZATIONNAME = jkassits;
				TargetAttributes = {
					C5C07D211D6FFF45002BFEEB = {
						CreatedOnToolsVersion = 7.3.1;
						DevelopmentTeam = K8GZP74DG2;
					};
					C5C07D351D6FFF46002BFEEB = {
						CreatedOnToolsVersion = 7.3.1;
						TestTargetID = C5C07D211D6FFF45002BFEEB;
					};
					C5C07D401D6FFF46002BFEEB = {
						CreatedOnToolsVersion = 7.3.1;
						TestTargetID = C5C07D211D6FFF45002BFEEB;
					};
				};
			};
			buildConfigurationList = C5C07D1D1D6FFF45002BFEEB /* Build configuration list for PBXProject "PitchPerfect" */;
			compatibilityVersion = "Xcode 3.2";
			developmentRegion = English;
			hasScannedForEncodings = 0;
			knownRegions = (
				en,
				Base,
			);
			mainGroup = C5C07D191D6FFF45002BFEEB;
			productRefGroup = C5C07D231D6FFF46002BFEEB /* Products */;
			projectDirPath = "";
			projectRoot = "";
			targets = (
				C5C07D211D6FFF45002BFEEB /* PitchPerfect */,
				C5C07D351D6FFF46002BFEEB /* PitchPerfectTests */,
				C5C07D401D6FFF46002BFEEB /* PitchPerfectUITests */,
			);
		};
/* End PBXProject section */

/* Begin PBXResourcesBuildPhase section */
		C5C07D201D6FFF45002BFEEB /* Resources */ = {
			isa = PBXResourcesBuildPhase;
			buildActionMask = 2147483647;
			files = (
				C5C07D301D6FFF46002BFEEB /* LaunchScreen.storyboard in Resources */,
				C5C07D2D1D6FFF46002BFEEB /* Assets.xcassets in Resources */,
				C5C07D2B1D6FFF46002BFEEB /* Main.storyboard in Resources */,
			);
			runOnlyForDeploymentPostprocessing = 0;
		};
		C5C07D341D6FFF46002BFEEB /* Resources */ = {
			isa = PBXResourcesBuildPhase;
			buildActionMask = 2147483647;
			files = (
			);
			runOnlyForDeploymentPostprocessing = 0;
		};
		C5C07D3F1D6FFF46002BFEEB /* Resources */ = {
			isa = PBXResourcesBuildPhase;
			buildActionMask = 2147483647;
			files = (
			);
			runOnlyForDeploymentPostprocessing = 0;
		};
/* End PBXResourcesBuildPhase section */

/* Begin PBXSourcesBuildPhase section */
		C5C07D1E1D6FFF45002BFEEB /* Sources */ = {
			isa = PBXSourcesBuildPhase;
			buildActionMask = 2147483647;
			files = (
				C5C07D281D6FFF46002BFEEB /* ViewController.swift in Sources */,
				C5C07D261D6FFF46002BFEEB /* AppDelegate.swift in Sources */,
			);
			runOnlyForDeploymentPostprocessing = 0;
		};
		C5C07D321D6FFF46002BFEEB /* Sources */ = {
			isa = PBXSourcesBuildPhase;
			buildActionMask = 2147483647;
			files = (
				C5C07D3B1D6FFF46002BFEEB /* PitchPerfectTests.swift in Sources */,
			);
			runOnlyForDeploymentPostprocessing = 0;
		};
		C5C07D3D1D6FFF46002BFEEB /* Sources */ = {
			isa = PBXSourcesBuildPhase;
			buildActionMask = 2147483647;
			files = (
				C5C07D461D6FFF46002BFEEB /* PitchPerfectUITests.swift in Sources */,
			);
			runOnlyForDeploymentPostprocessing = 0;
		};
/* End PBXSourcesBuildPhase section */

/* Begin PBXTargetDependency section */
		C5C07D381D6FFF46002BFEEB /* PBXTargetDependency */ = {
			isa = PBXTargetDependency;
			target = C5C07D211D6FFF45002BFEEB /* PitchPerfect */;
			targetProxy = C5C07D371D6FFF46002BFEEB /* PBXContainerItemProxy */;
		};
		C5C07D431D6FFF46002BFEEB /* PBXTargetDependency */ = {
			isa = PBXTargetDependency;
			target = C5C07D211D6FFF45002BFEEB /* PitchPerfect */;
			targetProxy = C5C07D421D6FFF46002BFEEB /* PBXContainerItemProxy */;
		};
/* End PBXTargetDependency section */

/* Begin PBXVariantGroup section */
		C5C07D291D6FFF46002BFEEB /* Main.storyboard */ = {
			isa = PBXVariantGroup;
			children = (
				C5C07D2A1D6FFF46002BFEEB /* Base */,
			);
			name = Main.storyboard;
			sourceTree = "<group>";
		};
		C5C07D2E1D6FFF46002BFEEB /* LaunchScreen.storyboard */ = {
			isa = PBXVariantGroup;
			children = (
				C5C07D2F1D6FFF46002BFEEB /* Base */,
			);
			name = LaunchScreen.storyboard;
			sourceTree = "<group>";
		};
/* End PBXVariantGroup section */

/* Begin XCBuildConfiguration section */
		C5C07D481D6FFF46002BFEEB /* Debug */ = {
			isa = XCBuildConfiguration;
			buildSettings = {
				ALWAYS_SEARCH_USER_PATHS = NO;
				CLANG_ANALYZER_NONNULL = YES;
				CLANG_CXX_LANGUAGE_STANDARD = "gnu++0x";
				CLANG_CXX_LIBRARY = "libc++";
				CLANG_ENABLE_MODULES = YES;
				CLANG_ENABLE_OBJC_ARC = YES;
				CLANG_WARN_BOOL_CONVERSION = YES;
				CLANG_WARN_CONSTANT_CONVERSION = YES;
				CLANG_WARN_DIRECT_OBJC_ISA_USAGE = YES_ERROR;
				CLANG_WARN_EMPTY_BODY = YES;
				CLANG_WARN_ENUM_CONVERSION = YES;
				CLANG_WARN_INT_CONVERSION = YES;
				CLANG_WARN_OBJC_ROOT_CLASS = YES_ERROR;
				CLANG_WARN_UNREACHABLE_CODE = YES;
				CLANG_WARN__DUPLICATE_METHOD_MATCH = YES;
				"CODE_SIGN_IDENTITY[sdk=iphoneos*]" = "iPhone Developer";
				COPY_PHASE_STRIP = NO;
				DEBUG_INFORMATION_FORMAT = dwarf;
				ENABLE_STRICT_OBJC_MSGSEND = YES;
				ENABLE_TESTABILITY = YES;
				GCC_C_LANGUAGE_STANDARD = gnu99;
				GCC_DYNAMIC_NO_PIC = NO;
				GCC_NO_COMMON_BLOCKS = YES;
				GCC_OPTIMIZATION_LEVEL = 0;
				GCC_PREPROCESSOR_DEFINITIONS = (
					"DEBUG=1",
					"$(inherited)",
				);
				GCC_WARN_64_TO_32_BIT_CONVERSION = YES;
				GCC_WARN_ABOUT_RETURN_TYPE = YES_ERROR;
				GCC_WARN_UNDECLARED_SELECTOR = YES;
				GCC_WARN_UNINITIALIZED_AUTOS = YES_AGGRESSIVE;
				GCC_WARN_UNUSED_FUNCTION = YES;
				GCC_WARN_UNUSED_VARIABLE = YES;
				IPHONEOS_DEPLOYMENT_TARGET = 9.3;
				MTL_ENABLE_DEBUG_INFO = YES;
				ONLY_ACTIVE_ARCH = YES;
				SDKROOT = iphoneos;
				SWIFT_OPTIMIZATION_LEVEL = "-Onone";
				TARGETED_DEVICE_FAMILY = "1,2";
			};
			name = Debug;
		};
		C5C07D491D6FFF46002BFEEB /* Release */ = {
			isa = XCBuildConfiguration;
			buildSettings = {
				ALWAYS_SEARCH_USER_PATHS = NO;
				CLANG_ANALYZER_NONNULL = YES;
				CLANG_CXX_LANGUAGE_STANDARD = "gnu++0x";
				CLANG_CXX_LIBRARY = "libc++";
				CLANG_ENABLE_MODULES = YES;
				CLANG_ENABLE_OBJC_ARC = YES;
				CLANG_WARN_BOOL_CONVERSION = YES;
				CLANG_WARN_CONSTANT_CONVERSION = YES;
				CLANG_WARN_DIRECT_OBJC_ISA_USAGE = YES_ERROR;
				CLANG_WARN_EMPTY_BODY = YES;
				CLANG_WARN_ENUM_CONVERSION = YES;
				CLANG_WARN_INT_CONVERSION = YES;
				CLANG_WARN_OBJC_ROOT_CLASS = YES_ERROR;
				CLANG_WARN_UNREACHABLE_CODE = YES;
				CLANG_WARN__DUPLICATE_METHOD_MATCH = YES;
				"CODE_SIGN_IDENTITY[sdk=iphoneos*]" = "iPhone Developer";
				COPY_PHASE_STRIP = NO;
				DEBUG_INFORMATION_FORMAT = "dwarf-with-dsym";
				ENABLE_NS_ASSERTIONS = NO;
				ENABLE_STRICT_OBJC_MSGSEND = YES;
				GCC_C_LANGUAGE_STANDARD = gnu99;
				GCC_NO_COMMON_BLOCKS = YES;
				GCC_WARN_64_TO_32_BIT_CONVERSION = YES;
				GCC_WARN_ABOUT_RETURN_TYPE = YES_ERROR;
				GCC_WARN_UNDECLARED_SELECTOR = YES;
				GCC_WARN_UNINITIALIZED_AUTOS = YES_AGGRESSIVE;
				GCC_WARN_UNUSED_FUNCTION = YES;
				GCC_WARN_UNUSED_VARIABLE = YES;
				IPHONEOS_DEPLOYMENT_TARGET = 9.3;
				MTL_ENABLE_DEBUG_INFO = NO;
				SDKROOT = iphoneos;
				TARGETED_DEVICE_FAMILY = "1,2";
				VALIDATE_PRODUCT = YES;
			};
			name = Release;
		};
		C5C07D4B1D6FFF46002BFEEB /* Debug */ = {
			isa = XCBuildConfiguration;
			buildSettings = {
				ASSETCATALOG_COMPILER_APPICON_NAME = AppIcon;
				CODE_SIGN_IDENTITY = "iPhone Developer";
				"CODE_SIGN_IDENTITY[sdk=iphoneos*]" = "iPhone Developer";
				INFOPLIST_FILE = PitchPerfect/Info.plist;
				LD_RUNPATH_SEARCH_PATHS = "$(inherited) @executable_path/Frameworks";
				PRODUCT_BUNDLE_IDENTIFIER = com.jkassists.PitchPerfect;
				PRODUCT_NAME = "$(TARGET_NAME)";
				PROVISIONING_PROFILE = "";
			};
			name = Debug;
		};
		C5C07D4C1D6FFF46002BFEEB /* Release */ = {
			isa = XCBuildConfiguration;
			buildSettings = {
				ASSETCATALOG_COMPILER_APPICON_NAME = AppIcon;
				CODE_SIGN_IDENTITY = "iPhone Developer";
				"CODE_SIGN_IDENTITY[sdk=iphoneos*]" = "iPhone Developer";
				INFOPLIST_FILE = PitchPerfect/Info.plist;
				LD_RUNPATH_SEARCH_PATHS = "$(inherited) @executable_path/Frameworks";
				PRODUCT_BUNDLE_IDENTIFIER = com.jkassists.PitchPerfect;
				PRODUCT_NAME = "$(TARGET_NAME)";
				PROVISIONING_PROFILE = "";
			};
			name = Release;
		};
		C5C07D4E1D6FFF46002BFEEB /* Debug */ = {
			isa = XCBuildConfiguration;
			buildSettings = {
				BUNDLE_LOADER = "$(TEST_HOST)";
				INFOPLIST_FILE = PitchPerfectTests/Info.plist;
				LD_RUNPATH_SEARCH_PATHS = "$(inherited) @executable_path/Frameworks @loader_path/Frameworks";
				PRODUCT_BUNDLE_IDENTIFIER = com.jkassists.PitchPerfectTests;
				PRODUCT_NAME = "$(TARGET_NAME)";
				TEST_HOST = "$(BUILT_PRODUCTS_DIR)/PitchPerfect.app/PitchPerfect";
			};
			name = Debug;
		};
		C5C07D4F1D6FFF46002BFEEB /* Release */ = {
			isa = XCBuildConfiguration;
			buildSettings = {
				BUNDLE_LOADER = "$(TEST_HOST)";
				INFOPLIST_FILE = PitchPerfectTests/Info.plist;
				LD_RUNPATH_SEARCH_PATHS = "$(inherited) @executable_path/Frameworks @loader_path/Frameworks";
				PRODUCT_BUNDLE_IDENTIFIER = com.jkassists.PitchPerfectTests;
				PRODUCT_NAME = "$(TARGET_NAME)";
				TEST_HOST = "$(BUILT_PRODUCTS_DIR)/PitchPerfect.app/PitchPerfect";
			};
			name = Release;
		};
		C5C07D511D6FFF46002BFEEB /* Debug */ = {
			isa = XCBuildConfiguration;
			buildSettings = {
				INFOPLIST_FILE = PitchPerfectUITests/Info.plist;
				LD_RUNPATH_SEARCH_PATHS = "$(inherited) @executable_path/Frameworks @loader_path/Frameworks";
				PRODUCT_BUNDLE_IDENTIFIER = com.jkassists.PitchPerfectUITests;
				PRODUCT_NAME = "$(TARGET_NAME)";
				TEST_TARGET_NAME = PitchPerfect;
			};
			name = Debug;
		};
		C5C07D521D6FFF46002BFEEB /* Release */ = {
			isa = XCBuildConfiguration;
			buildSettings = {
				INFOPLIST_FILE = PitchPerfectUITests/Info.plist;
				LD_RUNPATH_SEARCH_PATHS = "$(inherited) @executable_path/Frameworks @loader_path/Frameworks";
				PRODUCT_BUNDLE_IDENTIFIER = com.jkassists.PitchPerfectUITests;
				PRODUCT_NAME = "$(TARGET_NAME)";
				TEST_TARGET_NAME = PitchPerfect;
			};
			name = Release;
		};
/* End XCBuildConfiguration section */

/* Begin XCConfigurationList section */
		C5C07D1D1D6FFF45002BFEEB /* Build configuration list for PBXProject "PitchPerfect" */ = {
			isa = XCConfigurationList;
			buildConfigurations = (
				C5C07D481D6FFF46002BFEEB /* Debug */,
				C5C07D491D6FFF46002BFEEB /* Release */,
			);
			defaultConfigurationIsVisible = 0;
			defaultConfigurationName = Release;
		};
		C5C07D4A1D6FFF46002BFEEB /* Build configuration list for PBXNativeTarget "PitchPerfect" */ = {
			isa = XCConfigurationList;
			buildConfigurations = (
				C5C07D4B1D6FFF46002BFEEB /* Debug */,
				C5C07D4C1D6FFF46002BFEEB /* Release */,
			);
			defaultConfigurationIsVisible = 0;
		};
		C5C07D4D1D6FFF46002BFEEB /* Build configuration list for PBXNativeTarget "PitchPerfectTests" */ = {
			isa = XCConfigurationList;
			buildConfigurations = (
				C5C07D4E1D6FFF46002BFEEB /* Debug */,
				C5C07D4F1D6FFF46002BFEEB /* Release */,
			);
			defaultConfigurationIsVisible = 0;
		};
		C5C07D501D6FFF46002BFEEB /* Build configuration list for PBXNativeTarget "PitchPerfectUITests" */ = {
			isa = XCConfigurationList;
			buildConfigurations = (
				C5C07D511D6FFF46002BFEEB /* Debug */,
				C5C07D521D6FFF46002BFEEB /* Release */,
			);
			defaultConfigurationIsVisible = 0;
		};
/* End XCConfigurationList section */
	};
	rootObject = C5C07D1A1D6FFF45002BFEEB /* Project object */;
}
